// !$*UTF8*$!
{
	archiveVersion = 1;
	classes = {
	};
	objectVersion = 55;
	objects = {

/* Begin PBXBuildFile section */
		1498D2341E8E89220040F4C2 /* GeneratedPluginRegistrant.m in Sources */ = {isa = PBXBuildFile; fileRef = 1498D2331E8E89220040F4C2 /* GeneratedPluginRegistrant.m */; };
		3B3967161E833CAA004F5970 /* AppFrameworkInfo.plist in Resources */ = {isa = PBXBuildFile; fileRef = 3B3967151E833CAA004F5970 /* AppFrameworkInfo.plist */; };
		529E5B5328840F6C009AF27B /* CallKitProviderDelegate.swift in Sources */ = {isa = PBXBuildFile; fileRef = 529E5B5228840F6C009AF27B /* CallKitProviderDelegate.swift */; };
		529E5B572884354C009AF27B /* LoginService.swift in Sources */ = {isa = PBXBuildFile; fileRef = 529E5B562884354C009AF27B /* LoginService.swift */; };
		52D8C86A2880262700BA405F /* LinphoneSDK.swift in Sources */ = {isa = PBXBuildFile; fileRef = 52D8C8692880262700BA405F /* LinphoneSDK.swift */; };
		7120EC982A77562B00333457 /* NotificationService.swift in Sources */ = {isa = PBXBuildFile; fileRef = 7120EC972A77562B00333457 /* NotificationService.swift */; };
		7120EC9C2A77562B00333457 /* NotificationServiceAppExtention.appex in Embed Foundation Extensions */ = {isa = PBXBuildFile; fileRef = 7120EC952A77562B00333457 /* NotificationServiceAppExtention.appex */; settings = {ATTRIBUTES = (RemoveHeadersOnCopy, ); }; };
		7120ECA22A77566F00333457 /* LoginService.swift in Sources */ = {isa = PBXBuildFile; fileRef = 529E5B562884354C009AF27B /* LoginService.swift */; };
		7120ECA32A77573F00333457 /* NotificationService.swift in Sources */ = {isa = PBXBuildFile; fileRef = 7120EC972A77562B00333457 /* NotificationService.swift */; };
		717BD7FA2A3AA2C900B93BFC /* StorageManager.swift in Sources */ = {isa = PBXBuildFile; fileRef = 717BD7F92A3AA2C900B93BFC /* StorageManager.swift */; };
		74858FAF1ED2DC5600515810 /* AppDelegate.swift in Sources */ = {isa = PBXBuildFile; fileRef = 74858FAE1ED2DC5600515810 /* AppDelegate.swift */; };
		97C146FC1CF9000F007C117D /* Main.storyboard in Resources */ = {isa = PBXBuildFile; fileRef = 97C146FA1CF9000F007C117D /* Main.storyboard */; };
		97C146FE1CF9000F007C117D /* Assets.xcassets in Resources */ = {isa = PBXBuildFile; fileRef = 97C146FD1CF9000F007C117D /* Assets.xcassets */; };
		97C147011CF9000F007C117D /* LaunchScreen.storyboard in Resources */ = {isa = PBXBuildFile; fileRef = 97C146FF1CF9000F007C117D /* LaunchScreen.storyboard */; };
		9C6B686880BD2E58EBF8A244 /* Pods_NotificationServiceAppExtention.framework in Frameworks */ = {isa = PBXBuildFile; fileRef = 6A464E10E0FA8862085E6ABF /* Pods_NotificationServiceAppExtention.framework */; };
		A6DDEEF047EB4A9D46C3CCE0 /* Pods_Runner.framework in Frameworks */ = {isa = PBXBuildFile; fileRef = A80D22BBE40A5EDF1CA38EA3 /* Pods_Runner.framework */; };
/* End PBXBuildFile section */

/* Begin PBXContainerItemProxy section */
		7120EC9A2A77562B00333457 /* PBXContainerItemProxy */ = {
			isa = PBXContainerItemProxy;
			containerPortal = 97C146E61CF9000F007C117D /* Project object */;
			proxyType = 1;
			remoteGlobalIDString = 7120EC942A77562B00333457;
			remoteInfo = NotificationServiceAppExtention;
		};
/* End PBXContainerItemProxy section */

/* Begin PBXCopyFilesBuildPhase section */
		520BCC862A242CDE001C98E2 /* Embed Foundation Extensions */ = {
			isa = PBXCopyFilesBuildPhase;
			buildActionMask = 12;
			dstPath = "";
			dstSubfolderSpec = 13;
			files = (
				7120EC9C2A77562B00333457 /* NotificationServiceAppExtention.appex in Embed Foundation Extensions */,
			);
			name = "Embed Foundation Extensions";
			runOnlyForDeploymentPostprocessing = 0;
		};
/* End PBXCopyFilesBuildPhase section */

/* Begin PBXFileReference section */
		1498D2321E8E86230040F4C2 /* GeneratedPluginRegistrant.h */ = {isa = PBXFileReference; lastKnownFileType = sourcecode.c.h; path = GeneratedPluginRegistrant.h; sourceTree = "<group>"; };
		1498D2331E8E89220040F4C2 /* GeneratedPluginRegistrant.m */ = {isa = PBXFileReference; fileEncoding = 4; lastKnownFileType = sourcecode.c.objc; path = GeneratedPluginRegistrant.m; sourceTree = "<group>"; };
		1F2A48785144CD07A967679F /* Pods-NotificationServiceAppExtention.debug.xcconfig */ = {isa = PBXFileReference; includeInIndex = 1; lastKnownFileType = text.xcconfig; name = "Pods-NotificationServiceAppExtention.debug.xcconfig"; path = "Target Support Files/Pods-NotificationServiceAppExtention/Pods-NotificationServiceAppExtention.debug.xcconfig"; sourceTree = "<group>"; };
		3B3967151E833CAA004F5970 /* AppFrameworkInfo.plist */ = {isa = PBXFileReference; fileEncoding = 4; lastKnownFileType = text.plist.xml; name = AppFrameworkInfo.plist; path = Flutter/AppFrameworkInfo.plist; sourceTree = "<group>"; };
		4CED30C8911025794DD84108 /* Pods-NotificationServiceAppExtention.profile.xcconfig */ = {isa = PBXFileReference; includeInIndex = 1; lastKnownFileType = text.xcconfig; name = "Pods-NotificationServiceAppExtention.profile.xcconfig"; path = "Target Support Files/Pods-NotificationServiceAppExtention/Pods-NotificationServiceAppExtention.profile.xcconfig"; sourceTree = "<group>"; };
		520BCC892A24427F001C98E2 /* linphonesw.framework */ = {isa = PBXFileReference; explicitFileType = wrapper.framework; path = linphonesw.framework; sourceTree = BUILT_PRODUCTS_DIR; };
		520BCC942A244699001C98E2 /* linphonesw.framework */ = {isa = PBXFileReference; explicitFileType = wrapper.framework; path = linphonesw.framework; sourceTree = BUILT_PRODUCTS_DIR; };
		520BCC9D2A245AE0001C98E2 /* linphonesw.framework */ = {isa = PBXFileReference; explicitFileType = wrapper.framework; path = linphonesw.framework; sourceTree = BUILT_PRODUCTS_DIR; };
		520BCCAB2A2465E3001C98E2 /* linphonesw.framework */ = {isa = PBXFileReference; explicitFileType = wrapper.framework; path = linphonesw.framework; sourceTree = BUILT_PRODUCTS_DIR; };
		529E5B5228840F6C009AF27B /* CallKitProviderDelegate.swift */ = {isa = PBXFileReference; lastKnownFileType = sourcecode.swift; path = CallKitProviderDelegate.swift; sourceTree = "<group>"; };
		529E5B562884354C009AF27B /* LoginService.swift */ = {isa = PBXFileReference; lastKnownFileType = sourcecode.swift; path = LoginService.swift; sourceTree = "<group>"; };
		52D8C8692880262700BA405F /* LinphoneSDK.swift */ = {isa = PBXFileReference; lastKnownFileType = sourcecode.swift; path = LinphoneSDK.swift; sourceTree = "<group>"; };
		52E1A49E28671DCA0028BFBE /* Runner.entitlements */ = {isa = PBXFileReference; lastKnownFileType = text.plist.entitlements; path = Runner.entitlements; sourceTree = "<group>"; };
		6A464E10E0FA8862085E6ABF /* Pods_NotificationServiceAppExtention.framework */ = {isa = PBXFileReference; explicitFileType = wrapper.framework; includeInIndex = 0; path = Pods_NotificationServiceAppExtention.framework; sourceTree = BUILT_PRODUCTS_DIR; };
		71195CAD2A773E6600109206 /* linphonesw.framework */ = {isa = PBXFileReference; explicitFileType = wrapper.framework; path = linphonesw.framework; sourceTree = BUILT_PRODUCTS_DIR; };
		7120EC952A77562B00333457 /* NotificationServiceAppExtention.appex */ = {isa = PBXFileReference; explicitFileType = "wrapper.app-extension"; includeInIndex = 0; path = NotificationServiceAppExtention.appex; sourceTree = BUILT_PRODUCTS_DIR; };
		7120EC972A77562B00333457 /* NotificationService.swift */ = {isa = PBXFileReference; lastKnownFileType = sourcecode.swift; path = NotificationService.swift; sourceTree = "<group>"; };
		7120EC992A77562B00333457 /* Info.plist */ = {isa = PBXFileReference; lastKnownFileType = text.plist.xml; path = Info.plist; sourceTree = "<group>"; };
		7120ECA12A77565400333457 /* NotificationServiceAppExtention.entitlements */ = {isa = PBXFileReference; lastKnownFileType = text.plist.entitlements; path = NotificationServiceAppExtention.entitlements; sourceTree = "<group>"; };
		71358D9ED59420A11F56FC8C /* Pods-NotificationServiceAppExtention.release.xcconfig */ = {isa = PBXFileReference; includeInIndex = 1; lastKnownFileType = text.xcconfig; name = "Pods-NotificationServiceAppExtention.release.xcconfig"; path = "Target Support Files/Pods-NotificationServiceAppExtention/Pods-NotificationServiceAppExtention.release.xcconfig"; sourceTree = "<group>"; };
		717BD7F92A3AA2C900B93BFC /* StorageManager.swift */ = {isa = PBXFileReference; lastKnownFileType = sourcecode.swift; path = StorageManager.swift; sourceTree = "<group>"; };
		74858FAD1ED2DC5600515810 /* Runner-Bridging-Header.h */ = {isa = PBXFileReference; lastKnownFileType = sourcecode.c.h; path = "Runner-Bridging-Header.h"; sourceTree = "<group>"; };
		74858FAE1ED2DC5600515810 /* AppDelegate.swift */ = {isa = PBXFileReference; fileEncoding = 4; lastKnownFileType = sourcecode.swift; path = AppDelegate.swift; sourceTree = "<group>"; };
		7AFA3C8E1D35360C0083082E /* Release.xcconfig */ = {isa = PBXFileReference; lastKnownFileType = text.xcconfig; name = Release.xcconfig; path = Flutter/Release.xcconfig; sourceTree = "<group>"; };
		93CA55E1173C0E5B054C29C3 /* Pods-Runner.profile.xcconfig */ = {isa = PBXFileReference; includeInIndex = 1; lastKnownFileType = text.xcconfig; name = "Pods-Runner.profile.xcconfig"; path = "Target Support Files/Pods-Runner/Pods-Runner.profile.xcconfig"; sourceTree = "<group>"; };
		9740EEB21CF90195004384FC /* Debug.xcconfig */ = {isa = PBXFileReference; fileEncoding = 4; lastKnownFileType = text.xcconfig; name = Debug.xcconfig; path = Flutter/Debug.xcconfig; sourceTree = "<group>"; };
		9740EEB31CF90195004384FC /* Generated.xcconfig */ = {isa = PBXFileReference; fileEncoding = 4; lastKnownFileType = text.xcconfig; name = Generated.xcconfig; path = Flutter/Generated.xcconfig; sourceTree = "<group>"; };
		97C146EE1CF9000F007C117D /* Runner.app */ = {isa = PBXFileReference; explicitFileType = wrapper.application; includeInIndex = 0; path = Runner.app; sourceTree = BUILT_PRODUCTS_DIR; };
		97C146FB1CF9000F007C117D /* Base */ = {isa = PBXFileReference; lastKnownFileType = file.storyboard; name = Base; path = Base.lproj/Main.storyboard; sourceTree = "<group>"; };
		97C146FD1CF9000F007C117D /* Assets.xcassets */ = {isa = PBXFileReference; lastKnownFileType = folder.assetcatalog; path = Assets.xcassets; sourceTree = "<group>"; };
		97C147001CF9000F007C117D /* Base */ = {isa = PBXFileReference; lastKnownFileType = file.storyboard; name = Base; path = Base.lproj/LaunchScreen.storyboard; sourceTree = "<group>"; };
		97C147021CF9000F007C117D /* Info.plist */ = {isa = PBXFileReference; lastKnownFileType = text.plist.xml; path = Info.plist; sourceTree = "<group>"; };
		A22DE851FA7180CF4E1E51AE /* Pods-Runner.debug.xcconfig */ = {isa = PBXFileReference; includeInIndex = 1; lastKnownFileType = text.xcconfig; name = "Pods-Runner.debug.xcconfig"; path = "Target Support Files/Pods-Runner/Pods-Runner.debug.xcconfig"; sourceTree = "<group>"; };
		A80D22BBE40A5EDF1CA38EA3 /* Pods_Runner.framework */ = {isa = PBXFileReference; explicitFileType = wrapper.framework; includeInIndex = 0; path = Pods_Runner.framework; sourceTree = BUILT_PRODUCTS_DIR; };
		C4B2C61F9C57FF9C46FE610E /* Pods-Runner.release.xcconfig */ = {isa = PBXFileReference; includeInIndex = 1; lastKnownFileType = text.xcconfig; name = "Pods-Runner.release.xcconfig"; path = "Target Support Files/Pods-Runner/Pods-Runner.release.xcconfig"; sourceTree = "<group>"; };
/* End PBXFileReference section */

/* Begin PBXFrameworksBuildPhase section */
		7120EC922A77562B00333457 /* Frameworks */ = {
			isa = PBXFrameworksBuildPhase;
			buildActionMask = 2147483647;
			files = (
				9C6B686880BD2E58EBF8A244 /* Pods_NotificationServiceAppExtention.framework in Frameworks */,
			);
			runOnlyForDeploymentPostprocessing = 0;
		};
		97C146EB1CF9000F007C117D /* Frameworks */ = {
			isa = PBXFrameworksBuildPhase;
			buildActionMask = 2147483647;
			files = (
				A6DDEEF047EB4A9D46C3CCE0 /* Pods_Runner.framework in Frameworks */,
			);
			runOnlyForDeploymentPostprocessing = 0;
		};
/* End PBXFrameworksBuildPhase section */

/* Begin PBXGroup section */
		3D2CA95A8E1B697E273AC4DD /* Pods */ = {
			isa = PBXGroup;
			children = (
				1F2A48785144CD07A967679F /* Pods-NotificationServiceAppExtention.debug.xcconfig */,
				71358D9ED59420A11F56FC8C /* Pods-NotificationServiceAppExtention.release.xcconfig */,
				4CED30C8911025794DD84108 /* Pods-NotificationServiceAppExtention.profile.xcconfig */,
				A22DE851FA7180CF4E1E51AE /* Pods-Runner.debug.xcconfig */,
				C4B2C61F9C57FF9C46FE610E /* Pods-Runner.release.xcconfig */,
				93CA55E1173C0E5B054C29C3 /* Pods-Runner.profile.xcconfig */,
			);
			path = Pods;
			sourceTree = "<group>";
		};
		5ED81BE4817A9B30E7CCEBD7 /* Frameworks */ = {
			isa = PBXGroup;
			children = (
				71195CAD2A773E6600109206 /* linphonesw.framework */,
				520BCCAB2A2465E3001C98E2 /* linphonesw.framework */,
				520BCC9D2A245AE0001C98E2 /* linphonesw.framework */,
				520BCC942A244699001C98E2 /* linphonesw.framework */,
				520BCC892A24427F001C98E2 /* linphonesw.framework */,
				6A464E10E0FA8862085E6ABF /* Pods_NotificationServiceAppExtention.framework */,
				A80D22BBE40A5EDF1CA38EA3 /* Pods_Runner.framework */,
			);
			name = Frameworks;
			sourceTree = "<group>";
		};
		7120EC962A77562B00333457 /* NotificationServiceAppExtention */ = {
			isa = PBXGroup;
			children = (
				7120ECA12A77565400333457 /* NotificationServiceAppExtention.entitlements */,
				7120EC972A77562B00333457 /* NotificationService.swift */,
				7120EC992A77562B00333457 /* Info.plist */,
			);
			path = NotificationServiceAppExtention;
			sourceTree = "<group>";
		};
		9740EEB11CF90186004384FC /* Flutter */ = {
			isa = PBXGroup;
			children = (
				3B3967151E833CAA004F5970 /* AppFrameworkInfo.plist */,
				9740EEB21CF90195004384FC /* Debug.xcconfig */,
				7AFA3C8E1D35360C0083082E /* Release.xcconfig */,
				9740EEB31CF90195004384FC /* Generated.xcconfig */,
			);
			name = Flutter;
			sourceTree = "<group>";
		};
		97C146E51CF9000F007C117D = {
			isa = PBXGroup;
			children = (
				9740EEB11CF90186004384FC /* Flutter */,
				97C146F01CF9000F007C117D /* Runner */,
				7120EC962A77562B00333457 /* NotificationServiceAppExtention */,
				97C146EF1CF9000F007C117D /* Products */,
				3D2CA95A8E1B697E273AC4DD /* Pods */,
				5ED81BE4817A9B30E7CCEBD7 /* Frameworks */,
			);
			sourceTree = "<group>";
		};
		97C146EF1CF9000F007C117D /* Products */ = {
			isa = PBXGroup;
			children = (
				97C146EE1CF9000F007C117D /* Runner.app */,
				7120EC952A77562B00333457 /* NotificationServiceAppExtention.appex */,
			);
			name = Products;
			sourceTree = "<group>";
		};
		97C146F01CF9000F007C117D /* Runner */ = {
			isa = PBXGroup;
			children = (
				52E1A49E28671DCA0028BFBE /* Runner.entitlements */,
				97C146FA1CF9000F007C117D /* Main.storyboard */,
				97C146FD1CF9000F007C117D /* Assets.xcassets */,
				97C146FF1CF9000F007C117D /* LaunchScreen.storyboard */,
				97C147021CF9000F007C117D /* Info.plist */,
				1498D2321E8E86230040F4C2 /* GeneratedPluginRegistrant.h */,
				1498D2331E8E89220040F4C2 /* GeneratedPluginRegistrant.m */,
				74858FAE1ED2DC5600515810 /* AppDelegate.swift */,
				529E5B562884354C009AF27B /* LoginService.swift */,
				529E5B5228840F6C009AF27B /* CallKitProviderDelegate.swift */,
				52D8C8692880262700BA405F /* LinphoneSDK.swift */,
				74858FAD1ED2DC5600515810 /* Runner-Bridging-Header.h */,
				717BD7F92A3AA2C900B93BFC /* StorageManager.swift */,
			);
			path = Runner;
			sourceTree = "<group>";
		};
/* End PBXGroup section */

/* Begin PBXNativeTarget section */
		7120EC942A77562B00333457 /* NotificationServiceAppExtention */ = {
			isa = PBXNativeTarget;
			buildConfigurationList = 7120EC9D2A77562C00333457 /* Build configuration list for PBXNativeTarget "NotificationServiceAppExtention" */;
			buildPhases = (
				5DCB5DF0E0891A62E0E72450 /* [CP] Check Pods Manifest.lock */,
				7120EC912A77562B00333457 /* Sources */,
				7120EC922A77562B00333457 /* Frameworks */,
				7120EC932A77562B00333457 /* Resources */,
			);
			buildRules = (
			);
			dependencies = (
			);
			name = NotificationServiceAppExtention;
			productName = NotificationServiceAppExtention;
			productReference = 7120EC952A77562B00333457 /* NotificationServiceAppExtention.appex */;
			productType = "com.apple.product-type.app-extension";
		};
		97C146ED1CF9000F007C117D /* Runner */ = {
			isa = PBXNativeTarget;
			buildConfigurationList = 97C147051CF9000F007C117D /* Build configuration list for PBXNativeTarget "Runner" */;
			buildPhases = (
				514D3B4767D44609A12567A0 /* [CP] Check Pods Manifest.lock */,
				9740EEB61CF901F6004384FC /* Run Script */,
				97C146EA1CF9000F007C117D /* Sources */,
				97C146EB1CF9000F007C117D /* Frameworks */,
				97C146EC1CF9000F007C117D /* Resources */,
				3B06AD1E1E4923F5004D2608 /* Thin Binary */,
				520BCC862A242CDE001C98E2 /* Embed Foundation Extensions */,
				9211B8ABC929120F22D77AC7 /* [CP] Embed Pods Frameworks */,
			);
			buildRules = (
			);
			dependencies = (
				7120EC9B2A77562B00333457 /* PBXTargetDependency */,
			);
			name = Runner;
			productName = Runner;
			productReference = 97C146EE1CF9000F007C117D /* Runner.app */;
			productType = "com.apple.product-type.application";
		};
/* End PBXNativeTarget section */

/* Begin PBXProject section */
		97C146E61CF9000F007C117D /* Project object */ = {
			isa = PBXProject;
			attributes = {
				LastSwiftUpdateCheck = 1410;
				LastUpgradeCheck = 1300;
				ORGANIZATIONNAME = "";
				TargetAttributes = {
					7120EC942A77562B00333457 = {
						CreatedOnToolsVersion = 14.1;
					};
					97C146ED1CF9000F007C117D = {
						CreatedOnToolsVersion = 7.3.1;
						LastSwiftMigration = 1100;
					};
				};
			};
			buildConfigurationList = 97C146E91CF9000F007C117D /* Build configuration list for PBXProject "Runner" */;
			compatibilityVersion = "Xcode 13.0";
			developmentRegion = en;
			hasScannedForEncodings = 0;
			knownRegions = (
				en,
				Base,
			);
			mainGroup = 97C146E51CF9000F007C117D;
			productRefGroup = 97C146EF1CF9000F007C117D /* Products */;
			projectDirPath = "";
			projectRoot = "";
			targets = (
				97C146ED1CF9000F007C117D /* Runner */,
				7120EC942A77562B00333457 /* NotificationServiceAppExtention */,
			);
		};
/* End PBXProject section */

/* Begin PBXResourcesBuildPhase section */
		7120EC932A77562B00333457 /* Resources */ = {
			isa = PBXResourcesBuildPhase;
			buildActionMask = 2147483647;
			files = (
			);
			runOnlyForDeploymentPostprocessing = 0;
		};
		97C146EC1CF9000F007C117D /* Resources */ = {
			isa = PBXResourcesBuildPhase;
			buildActionMask = 2147483647;
			files = (
				97C147011CF9000F007C117D /* LaunchScreen.storyboard in Resources */,
				3B3967161E833CAA004F5970 /* AppFrameworkInfo.plist in Resources */,
				97C146FE1CF9000F007C117D /* Assets.xcassets in Resources */,
				97C146FC1CF9000F007C117D /* Main.storyboard in Resources */,
			);
			runOnlyForDeploymentPostprocessing = 0;
		};
/* End PBXResourcesBuildPhase section */

/* Begin PBXShellScriptBuildPhase section */
		3B06AD1E1E4923F5004D2608 /* Thin Binary */ = {
			isa = PBXShellScriptBuildPhase;
			buildActionMask = 2147483647;
			files = (
			);
			inputPaths = (
			);
			name = "Thin Binary";
			outputPaths = (
			);
			runOnlyForDeploymentPostprocessing = 0;
			shellPath = /bin/sh;
			shellScript = "/bin/sh \"$FLUTTER_ROOT/packages/flutter_tools/bin/xcode_backend.sh\" embed_and_thin\n";
		};
		514D3B4767D44609A12567A0 /* [CP] Check Pods Manifest.lock */ = {
			isa = PBXShellScriptBuildPhase;
			buildActionMask = 2147483647;
			files = (
			);
			inputFileListPaths = (
			);
			inputPaths = (
				"${PODS_PODFILE_DIR_PATH}/Podfile.lock",
				"${PODS_ROOT}/Manifest.lock",
			);
			name = "[CP] Check Pods Manifest.lock";
			outputFileListPaths = (
			);
			outputPaths = (
				"$(DERIVED_FILE_DIR)/Pods-Runner-checkManifestLockResult.txt",
			);
			runOnlyForDeploymentPostprocessing = 0;
			shellPath = /bin/sh;
			shellScript = "diff \"${PODS_PODFILE_DIR_PATH}/Podfile.lock\" \"${PODS_ROOT}/Manifest.lock\" > /dev/null\nif [ $? != 0 ] ; then\n    # print error to STDERR\n    echo \"error: The sandbox is not in sync with the Podfile.lock. Run 'pod install' or update your CocoaPods installation.\" >&2\n    exit 1\nfi\n# This output is used by Xcode 'outputs' to avoid re-running this script phase.\necho \"SUCCESS\" > \"${SCRIPT_OUTPUT_FILE_0}\"\n";
			showEnvVarsInLog = 0;
		};
		5DCB5DF0E0891A62E0E72450 /* [CP] Check Pods Manifest.lock */ = {
			isa = PBXShellScriptBuildPhase;
			buildActionMask = 2147483647;
			files = (
			);
			inputFileListPaths = (
			);
			inputPaths = (
				"${PODS_PODFILE_DIR_PATH}/Podfile.lock",
				"${PODS_ROOT}/Manifest.lock",
			);
			name = "[CP] Check Pods Manifest.lock";
			outputFileListPaths = (
			);
			outputPaths = (
				"$(DERIVED_FILE_DIR)/Pods-NotificationServiceAppExtention-checkManifestLockResult.txt",
			);
			runOnlyForDeploymentPostprocessing = 0;
			shellPath = /bin/sh;
			shellScript = "diff \"${PODS_PODFILE_DIR_PATH}/Podfile.lock\" \"${PODS_ROOT}/Manifest.lock\" > /dev/null\nif [ $? != 0 ] ; then\n    # print error to STDERR\n    echo \"error: The sandbox is not in sync with the Podfile.lock. Run 'pod install' or update your CocoaPods installation.\" >&2\n    exit 1\nfi\n# This output is used by Xcode 'outputs' to avoid re-running this script phase.\necho \"SUCCESS\" > \"${SCRIPT_OUTPUT_FILE_0}\"\n";
			showEnvVarsInLog = 0;
		};
		9211B8ABC929120F22D77AC7 /* [CP] Embed Pods Frameworks */ = {
			isa = PBXShellScriptBuildPhase;
			buildActionMask = 2147483647;
			files = (
			);
			inputFileListPaths = (
				"${PODS_ROOT}/Target Support Files/Pods-Runner/Pods-Runner-frameworks-${CONFIGURATION}-input-files.xcfilelist",
			);
			name = "[CP] Embed Pods Frameworks";
			outputFileListPaths = (
				"${PODS_ROOT}/Target Support Files/Pods-Runner/Pods-Runner-frameworks-${CONFIGURATION}-output-files.xcfilelist",
			);
			runOnlyForDeploymentPostprocessing = 0;
			shellPath = /bin/sh;
			shellScript = "\"${PODS_ROOT}/Target Support Files/Pods-Runner/Pods-Runner-frameworks.sh\"\n";
			showEnvVarsInLog = 0;
		};
		9740EEB61CF901F6004384FC /* Run Script */ = {
			isa = PBXShellScriptBuildPhase;
			buildActionMask = 2147483647;
			files = (
			);
			inputPaths = (
			);
			name = "Run Script";
			outputPaths = (
			);
			runOnlyForDeploymentPostprocessing = 0;
			shellPath = /bin/sh;
			shellScript = "/bin/sh \"$FLUTTER_ROOT/packages/flutter_tools/bin/xcode_backend.sh\" build\n";
		};
/* End PBXShellScriptBuildPhase section */

/* Begin PBXSourcesBuildPhase section */
		7120EC912A77562B00333457 /* Sources */ = {
			isa = PBXSourcesBuildPhase;
			buildActionMask = 2147483647;
			files = (
				7120EC982A77562B00333457 /* NotificationService.swift in Sources */,
				7120ECA22A77566F00333457 /* LoginService.swift in Sources */,
			);
			runOnlyForDeploymentPostprocessing = 0;
		};
		97C146EA1CF9000F007C117D /* Sources */ = {
			isa = PBXSourcesBuildPhase;
			buildActionMask = 2147483647;
			files = (
				74858FAF1ED2DC5600515810 /* AppDelegate.swift in Sources */,
				529E5B572884354C009AF27B /* LoginService.swift in Sources */,
				7120ECA32A77573F00333457 /* NotificationService.swift in Sources */,
				52D8C86A2880262700BA405F /* LinphoneSDK.swift in Sources */,
				717BD7FA2A3AA2C900B93BFC /* StorageManager.swift in Sources */,
				529E5B5328840F6C009AF27B /* CallKitProviderDelegate.swift in Sources */,
				1498D2341E8E89220040F4C2 /* GeneratedPluginRegistrant.m in Sources */,
			);
			runOnlyForDeploymentPostprocessing = 0;
		};
/* End PBXSourcesBuildPhase section */

/* Begin PBXTargetDependency section */
		7120EC9B2A77562B00333457 /* PBXTargetDependency */ = {
			isa = PBXTargetDependency;
			target = 7120EC942A77562B00333457 /* NotificationServiceAppExtention */;
			targetProxy = 7120EC9A2A77562B00333457 /* PBXContainerItemProxy */;
		};
/* End PBXTargetDependency section */

/* Begin PBXVariantGroup section */
		97C146FA1CF9000F007C117D /* Main.storyboard */ = {
			isa = PBXVariantGroup;
			children = (
				97C146FB1CF9000F007C117D /* Base */,
			);
			name = Main.storyboard;
			sourceTree = "<group>";
		};
		97C146FF1CF9000F007C117D /* LaunchScreen.storyboard */ = {
			isa = PBXVariantGroup;
			children = (
				97C147001CF9000F007C117D /* Base */,
			);
			name = LaunchScreen.storyboard;
			sourceTree = "<group>";
		};
/* End PBXVariantGroup section */

/* Begin XCBuildConfiguration section */
		249021D3217E4FDB00AE95B9 /* Profile */ = {
			isa = XCBuildConfiguration;
			buildSettings = {
				ALWAYS_SEARCH_USER_PATHS = NO;
				CLANG_ANALYZER_NONNULL = YES;
				CLANG_CXX_LANGUAGE_STANDARD = "gnu++0x";
				CLANG_CXX_LIBRARY = "libc++";
				CLANG_ENABLE_MODULES = YES;
				CLANG_ENABLE_OBJC_ARC = YES;
				CLANG_WARN_BLOCK_CAPTURE_AUTORELEASING = YES;
				CLANG_WARN_BOOL_CONVERSION = YES;
				CLANG_WARN_COMMA = YES;
				CLANG_WARN_CONSTANT_CONVERSION = YES;
				CLANG_WARN_DEPRECATED_OBJC_IMPLEMENTATIONS = YES;
				CLANG_WARN_DIRECT_OBJC_ISA_USAGE = YES_ERROR;
				CLANG_WARN_EMPTY_BODY = YES;
				CLANG_WARN_ENUM_CONVERSION = YES;
				CLANG_WARN_INFINITE_RECURSION = YES;
				CLANG_WARN_INT_CONVERSION = YES;
				CLANG_WARN_NON_LITERAL_NULL_CONVERSION = YES;
				CLANG_WARN_OBJC_IMPLICIT_RETAIN_SELF = YES;
				CLANG_WARN_OBJC_LITERAL_CONVERSION = YES;
				CLANG_WARN_OBJC_ROOT_CLASS = YES_ERROR;
				CLANG_WARN_QUOTED_INCLUDE_IN_FRAMEWORK_HEADER = YES;
				CLANG_WARN_RANGE_LOOP_ANALYSIS = YES;
				CLANG_WARN_STRICT_PROTOTYPES = YES;
				CLANG_WARN_SUSPICIOUS_MOVE = YES;
				CLANG_WARN_UNREACHABLE_CODE = YES;
				CLANG_WARN__DUPLICATE_METHOD_MATCH = YES;
				"CODE_SIGN_IDENTITY[sdk=iphoneos*]" = "iPhone Developer";
				COPY_PHASE_STRIP = NO;
				DEBUG_INFORMATION_FORMAT = "dwarf-with-dsym";
				ENABLE_NS_ASSERTIONS = NO;
				ENABLE_STRICT_OBJC_MSGSEND = YES;
				GCC_C_LANGUAGE_STANDARD = gnu99;
				GCC_NO_COMMON_BLOCKS = YES;
				GCC_WARN_64_TO_32_BIT_CONVERSION = YES;
				GCC_WARN_ABOUT_RETURN_TYPE = YES_ERROR;
				GCC_WARN_UNDECLARED_SELECTOR = YES;
				GCC_WARN_UNINITIALIZED_AUTOS = YES_AGGRESSIVE;
				GCC_WARN_UNUSED_FUNCTION = YES;
				GCC_WARN_UNUSED_VARIABLE = YES;
				IPHONEOS_DEPLOYMENT_TARGET = 12.0;
				MTL_ENABLE_DEBUG_INFO = NO;
				ONLY_ACTIVE_ARCH = YES;
				SDKROOT = iphoneos;
				SUPPORTED_PLATFORMS = iphoneos;
				TARGETED_DEVICE_FAMILY = "1,2";
				VALIDATE_PRODUCT = YES;
			};
			name = Profile;
		};
		249021D4217E4FDB00AE95B9 /* Profile */ = {
			isa = XCBuildConfiguration;
			baseConfigurationReference = 7AFA3C8E1D35360C0083082E /* Release.xcconfig */;
			buildSettings = {
				ALLOW_TARGET_PLATFORM_SPECIALIZATION = YES;
				ALWAYS_EMBED_SWIFT_STANDARD_LIBRARIES = YES;
				ASSETCATALOG_COMPILER_APPICON_NAME = AppIcon;
				CLANG_ENABLE_MODULES = YES;
				CODE_SIGN_ENTITLEMENTS = Runner/Runner.entitlements;
				CODE_SIGN_IDENTITY = "Apple Development";
				CODE_SIGN_STYLE = Automatic;
				CURRENT_PROJECT_VERSION = 1.0.1;
				DEVELOPMENT_TEAM = 8T287D8PYU;
				ENABLE_BITCODE = NO;
				"EXCLUDED_ARCHS[sdk=iphoneos*]" = armv7;
				"EXCLUDED_ARCHS[sdk=iphonesimulator*]" = arm64;
				EXTRA_FRONT_END_OPTIONS = "--no-sound-null-safety";
				INFOPLIST_FILE = Runner/Info.plist;
				INFOPLIST_KEY_WKRunsIndependentlyOfCompanionApp = YES;
				IPHONEOS_DEPLOYMENT_TARGET = 13.0;
				LD_RUNPATH_SEARCH_PATHS = (
					"$(inherited)",
					"@executable_path/Frameworks",
				);
				"OTHER_LDFLAGS[arch=*]" = (
					"$(inherited)",
					"-ObjC",
					"-l\"sqlite3\"",
					"-framework",
					"\"AVFoundation\"",
					"-framework",
					"\"AVKit\"",
					"-framework",
					"\"CryptoSwift\"",
					"-framework",
					"\"DKImagePickerController\"",
					"-framework",
					"\"DKPhotoGallery\"",
					"-framework",
					"\"FMDB\"",
					"-framework",
					"\"Foundation\"",
					"-framework",
					"\"ImageIO\"",
					"-framework",
					"\"Mantle\"",
					"-framework",
					"\"MediaPlayer\"",
					"-framework",
					"\"Photos\"",
					"-framework",
					"\"SDWebImage\"",
					"-framework",
					"\"SDWebImageWebPCoder\"",
					"-framework",
					"\"SwiftyGif\"",
					"-framework",
					"\"UIKit\"",
					"-framework",
					"\"audio_session\"",
					"-framework",
					"\"audioplayers_darwin\"",
					"-framework",
					"\"bctoolbox\"",
					"-framework",
					"\"bctoolbox-ios\"",
					"-framework",
					"\"bctoolbox-tester\"",
					"-framework",
					"\"belcard\"",
					"-framework",
					"\"belle-sip\"",
					"-framework",
					"\"belr\"",
					"-framework",
					"\"easy_pdf_viewer\"",
					"-framework",
					"\"file_picker\"",
					"-framework",
					"\"flutter_callkit_incoming\"",
					"-framework",
					"\"flutter_image_compress\"",
					"-framework",
					"\"flutter_ringtone_player\"",
					"-framework",
					"\"flutter_secure_storage\"",
					"-framework",
					"\"flutter_sound\"",
					"-framework",
					"\"flutter_sound_core\"",
					"-framework",
					"\"gallery_saver\"",
					"-framework",
					"\"image_picker_ios\"",
					"-framework",
					"\"just_audio\"",
					"-framework",
					"\"libwebp\"",
					"-framework",
					"\"lime\"",
					"-framework",
					"\"limetester\"",
					"-framework",
					"\"linphone\"",
					"-framework",
					"\"linphonesw\"",
					"-framework",
					"\"linphonetester\"",
					"-framework",
					"\"mediastreamer2\"",
					"-framework",
					"\"msamr\"",
					"-framework",
					"\"mscodec2\"",
					"-framework",
					"\"msopenh264\"",
					"-framework",
					"\"mssilk\"",
					"-framework",
					"\"mswebrtc\"",
					"-framework",
					"\"msx264\"",
					"-framework",
					"\"ortp\"",
					"-framework",
					"\"package_info_plus\"",
					"-framework",
					"\"path_provider_foundation\"",
					"-framework",
					"\"permission_handler_apple\"",
					"-framework",
					"\"record\"",
					"-framework",
					"\"sqflite\"",
					"-framework",
					"\"url_launcher_ios\"",
					"\"-lc++\"",
				);
				PRODUCT_BUNDLE_IDENTIFIER = com.application.mcfef.chat;
				PRODUCT_NAME = "$(TARGET_NAME)";
				PROVISIONING_PROFILE_SPECIFIER = "";
				SUPPORTED_PLATFORMS = "iphoneos iphonesimulator";
				SUPPORTS_MACCATALYST = NO;
				SUPPORTS_MAC_DESIGNED_FOR_IPHONE_IPAD = NO;
				SWIFT_OBJC_BRIDGING_HEADER = "Runner/Runner-Bridging-Header.h";
				SWIFT_VERSION = 5.0;
				TARGETED_DEVICE_FAMILY = "1,2";
				VERSIONING_SYSTEM = "apple-generic";
			};
			name = Profile;
		};
		7120EC9E2A77562C00333457 /* Debug */ = {
			isa = XCBuildConfiguration;
			baseConfigurationReference = 1F2A48785144CD07A967679F /* Pods-NotificationServiceAppExtention.debug.xcconfig */;
			buildSettings = {
				CLANG_ANALYZER_NUMBER_OBJECT_CONVERSION = YES_AGGRESSIVE;
				CLANG_CXX_LANGUAGE_STANDARD = "gnu++20";
				CLANG_ENABLE_OBJC_WEAK = YES;
				CLANG_WARN_DOCUMENTATION_COMMENTS = YES;
				CLANG_WARN_UNGUARDED_AVAILABILITY = YES_AGGRESSIVE;
				CODE_SIGN_ENTITLEMENTS = NotificationServiceAppExtention/NotificationServiceAppExtention.entitlements;
				CODE_SIGN_IDENTITY = "Apple Development";
				"CODE_SIGN_IDENTITY[sdk=iphoneos*]" = "iPhone Developer";
				CODE_SIGN_STYLE = Automatic;
				CURRENT_PROJECT_VERSION = 1.0.3;
				DEVELOPMENT_TEAM = 8T287D8PYU;
				GCC_C_LANGUAGE_STANDARD = gnu11;
				GENERATE_INFOPLIST_FILE = YES;
				INFOPLIST_FILE = NotificationServiceAppExtention/Info.plist;
				INFOPLIST_KEY_CFBundleDisplayName = NotificationServiceAppExtention;
				INFOPLIST_KEY_NSHumanReadableCopyright = "";
				IPHONEOS_DEPLOYMENT_TARGET = 16.1;
				LD_RUNPATH_SEARCH_PATHS = (
					"$(inherited)",
					"@executable_path/Frameworks",
					"@executable_path/../../Frameworks",
				);
				MARKETING_VERSION = 1.0.3;
				MTL_ENABLE_DEBUG_INFO = INCLUDE_SOURCE;
				MTL_FAST_MATH = YES;
				PRODUCT_BUNDLE_IDENTIFIER = com.application.mcfef.chat.NotificationServiceAppExtention;
				PRODUCT_NAME = "$(TARGET_NAME)";
				SKIP_INSTALL = YES;
				SWIFT_ACTIVE_COMPILATION_CONDITIONS = DEBUG;
				SWIFT_EMIT_LOC_STRINGS = YES;
				SWIFT_OPTIMIZATION_LEVEL = "-Onone";
				SWIFT_VERSION = 5.0;
				TARGETED_DEVICE_FAMILY = "1,2";
			};
			name = Debug;
		};
		7120EC9F2A77562C00333457 /* Release */ = {
			isa = XCBuildConfiguration;
			baseConfigurationReference = 71358D9ED59420A11F56FC8C /* Pods-NotificationServiceAppExtention.release.xcconfig */;
			buildSettings = {
				CLANG_ANALYZER_NUMBER_OBJECT_CONVERSION = YES_AGGRESSIVE;
				CLANG_CXX_LANGUAGE_STANDARD = "gnu++20";
				CLANG_ENABLE_OBJC_WEAK = YES;
				CLANG_WARN_DOCUMENTATION_COMMENTS = YES;
				CLANG_WARN_UNGUARDED_AVAILABILITY = YES_AGGRESSIVE;
				CODE_SIGN_ENTITLEMENTS = NotificationServiceAppExtention/NotificationServiceAppExtention.entitlements;
				CODE_SIGN_IDENTITY = "Apple Development";
				"CODE_SIGN_IDENTITY[sdk=iphoneos*]" = "iPhone Developer";
				CODE_SIGN_STYLE = Automatic;
				CURRENT_PROJECT_VERSION = 1.0.3;
				DEVELOPMENT_TEAM = 8T287D8PYU;
				GCC_C_LANGUAGE_STANDARD = gnu11;
				GENERATE_INFOPLIST_FILE = YES;
				INFOPLIST_FILE = NotificationServiceAppExtention/Info.plist;
				INFOPLIST_KEY_CFBundleDisplayName = NotificationServiceAppExtention;
				INFOPLIST_KEY_NSHumanReadableCopyright = "";
				IPHONEOS_DEPLOYMENT_TARGET = 16.1;
				LD_RUNPATH_SEARCH_PATHS = (
					"$(inherited)",
					"@executable_path/Frameworks",
					"@executable_path/../../Frameworks",
				);
				MARKETING_VERSION = 1.0.3;
				MTL_FAST_MATH = YES;
				PRODUCT_BUNDLE_IDENTIFIER = com.application.mcfef.chat.NotificationServiceAppExtention;
				PRODUCT_NAME = "$(TARGET_NAME)";
				SKIP_INSTALL = YES;
				SWIFT_EMIT_LOC_STRINGS = YES;
				SWIFT_VERSION = 5.0;
				TARGETED_DEVICE_FAMILY = "1,2";
			};
			name = Release;
		};
		7120ECA02A77562C00333457 /* Profile */ = {
			isa = XCBuildConfiguration;
			baseConfigurationReference = 4CED30C8911025794DD84108 /* Pods-NotificationServiceAppExtention.profile.xcconfig */;
			buildSettings = {
				CLANG_ANALYZER_NUMBER_OBJECT_CONVERSION = YES_AGGRESSIVE;
				CLANG_CXX_LANGUAGE_STANDARD = "gnu++20";
				CLANG_ENABLE_OBJC_WEAK = YES;
				CLANG_WARN_DOCUMENTATION_COMMENTS = YES;
				CLANG_WARN_UNGUARDED_AVAILABILITY = YES_AGGRESSIVE;
				CODE_SIGN_ENTITLEMENTS = NotificationServiceAppExtention/NotificationServiceAppExtention.entitlements;
				CODE_SIGN_IDENTITY = "Apple Development";
				CODE_SIGN_STYLE = Automatic;
				CURRENT_PROJECT_VERSION = 1.0.3;
				DEVELOPMENT_TEAM = 8T287D8PYU;
				GCC_C_LANGUAGE_STANDARD = gnu11;
				GENERATE_INFOPLIST_FILE = YES;
				INFOPLIST_FILE = NotificationServiceAppExtention/Info.plist;
				INFOPLIST_KEY_CFBundleDisplayName = NotificationServiceAppExtention;
				INFOPLIST_KEY_NSHumanReadableCopyright = "";
				IPHONEOS_DEPLOYMENT_TARGET = 16.1;
				LD_RUNPATH_SEARCH_PATHS = (
					"$(inherited)",
					"@executable_path/Frameworks",
					"@executable_path/../../Frameworks",
				);
				MARKETING_VERSION = 1.0.3;
				MTL_FAST_MATH = YES;
				PRODUCT_BUNDLE_IDENTIFIER = com.application.mcfef.chat.NotificationServiceAppExtention;
				PRODUCT_NAME = "$(TARGET_NAME)";
				SKIP_INSTALL = YES;
				SWIFT_EMIT_LOC_STRINGS = YES;
				SWIFT_VERSION = 5.0;
				TARGETED_DEVICE_FAMILY = "1,2";
			};
			name = Profile;
		};
		97C147031CF9000F007C117D /* Debug */ = {
			isa = XCBuildConfiguration;
			buildSettings = {
				ALWAYS_SEARCH_USER_PATHS = NO;
				CLANG_ANALYZER_NONNULL = YES;
				CLANG_CXX_LANGUAGE_STANDARD = "gnu++0x";
				CLANG_CXX_LIBRARY = "libc++";
				CLANG_ENABLE_MODULES = YES;
				CLANG_ENABLE_OBJC_ARC = YES;
				CLANG_WARN_BLOCK_CAPTURE_AUTORELEASING = YES;
				CLANG_WARN_BOOL_CONVERSION = YES;
				CLANG_WARN_COMMA = YES;
				CLANG_WARN_CONSTANT_CONVERSION = YES;
				CLANG_WARN_DEPRECATED_OBJC_IMPLEMENTATIONS = YES;
				CLANG_WARN_DIRECT_OBJC_ISA_USAGE = YES_ERROR;
				CLANG_WARN_EMPTY_BODY = YES;
				CLANG_WARN_ENUM_CONVERSION = YES;
				CLANG_WARN_INFINITE_RECURSION = YES;
				CLANG_WARN_INT_CONVERSION = YES;
				CLANG_WARN_NON_LITERAL_NULL_CONVERSION = YES;
				CLANG_WARN_OBJC_IMPLICIT_RETAIN_SELF = YES;
				CLANG_WARN_OBJC_LITERAL_CONVERSION = YES;
				CLANG_WARN_OBJC_ROOT_CLASS = YES_ERROR;
				CLANG_WARN_QUOTED_INCLUDE_IN_FRAMEWORK_HEADER = YES;
				CLANG_WARN_RANGE_LOOP_ANALYSIS = YES;
				CLANG_WARN_STRICT_PROTOTYPES = YES;
				CLANG_WARN_SUSPICIOUS_MOVE = YES;
				CLANG_WARN_UNREACHABLE_CODE = YES;
				CLANG_WARN__DUPLICATE_METHOD_MATCH = YES;
				"CODE_SIGN_IDENTITY[sdk=iphoneos*]" = "iPhone Developer";
				COPY_PHASE_STRIP = NO;
				DEBUG_INFORMATION_FORMAT = dwarf;
				ENABLE_STRICT_OBJC_MSGSEND = YES;
				ENABLE_TESTABILITY = YES;
				GCC_C_LANGUAGE_STANDARD = gnu99;
				GCC_DYNAMIC_NO_PIC = NO;
				GCC_NO_COMMON_BLOCKS = YES;
				GCC_OPTIMIZATION_LEVEL = 0;
				GCC_PREPROCESSOR_DEFINITIONS = (
					"DEBUG=1",
					"$(inherited)",
				);
				GCC_WARN_64_TO_32_BIT_CONVERSION = YES;
				GCC_WARN_ABOUT_RETURN_TYPE = YES_ERROR;
				GCC_WARN_UNDECLARED_SELECTOR = YES;
				GCC_WARN_UNINITIALIZED_AUTOS = YES_AGGRESSIVE;
				GCC_WARN_UNUSED_FUNCTION = YES;
				GCC_WARN_UNUSED_VARIABLE = YES;
				IPHONEOS_DEPLOYMENT_TARGET = 12.0;
				MTL_ENABLE_DEBUG_INFO = YES;
				ONLY_ACTIVE_ARCH = YES;
				SDKROOT = iphoneos;
				TARGETED_DEVICE_FAMILY = "1,2";
			};
			name = Debug;
		};
		97C147041CF9000F007C117D /* Release */ = {
			isa = XCBuildConfiguration;
			buildSettings = {
				ALWAYS_SEARCH_USER_PATHS = NO;
				CLANG_ANALYZER_NONNULL = YES;
				CLANG_CXX_LANGUAGE_STANDARD = "gnu++0x";
				CLANG_CXX_LIBRARY = "libc++";
				CLANG_ENABLE_MODULES = YES;
				CLANG_ENABLE_OBJC_ARC = YES;
				CLANG_WARN_BLOCK_CAPTURE_AUTORELEASING = YES;
				CLANG_WARN_BOOL_CONVERSION = YES;
				CLANG_WARN_COMMA = YES;
				CLANG_WARN_CONSTANT_CONVERSION = YES;
				CLANG_WARN_DEPRECATED_OBJC_IMPLEMENTATIONS = YES;
				CLANG_WARN_DIRECT_OBJC_ISA_USAGE = YES_ERROR;
				CLANG_WARN_EMPTY_BODY = YES;
				CLANG_WARN_ENUM_CONVERSION = YES;
				CLANG_WARN_INFINITE_RECURSION = YES;
				CLANG_WARN_INT_CONVERSION = YES;
				CLANG_WARN_NON_LITERAL_NULL_CONVERSION = YES;
				CLANG_WARN_OBJC_IMPLICIT_RETAIN_SELF = YES;
				CLANG_WARN_OBJC_LITERAL_CONVERSION = YES;
				CLANG_WARN_OBJC_ROOT_CLASS = YES_ERROR;
				CLANG_WARN_QUOTED_INCLUDE_IN_FRAMEWORK_HEADER = YES;
				CLANG_WARN_RANGE_LOOP_ANALYSIS = YES;
				CLANG_WARN_STRICT_PROTOTYPES = YES;
				CLANG_WARN_SUSPICIOUS_MOVE = YES;
				CLANG_WARN_UNREACHABLE_CODE = YES;
				CLANG_WARN__DUPLICATE_METHOD_MATCH = YES;
				"CODE_SIGN_IDENTITY[sdk=iphoneos*]" = "iPhone Developer";
				COPY_PHASE_STRIP = NO;
				DEBUG_INFORMATION_FORMAT = "dwarf-with-dsym";
				ENABLE_NS_ASSERTIONS = NO;
				ENABLE_STRICT_OBJC_MSGSEND = YES;
				GCC_C_LANGUAGE_STANDARD = gnu99;
				GCC_NO_COMMON_BLOCKS = YES;
				GCC_WARN_64_TO_32_BIT_CONVERSION = YES;
				GCC_WARN_ABOUT_RETURN_TYPE = YES_ERROR;
				GCC_WARN_UNDECLARED_SELECTOR = YES;
				GCC_WARN_UNINITIALIZED_AUTOS = YES_AGGRESSIVE;
				GCC_WARN_UNUSED_FUNCTION = YES;
				GCC_WARN_UNUSED_VARIABLE = YES;
				IPHONEOS_DEPLOYMENT_TARGET = 12.0;
				MTL_ENABLE_DEBUG_INFO = NO;
				ONLY_ACTIVE_ARCH = YES;
				SDKROOT = iphoneos;
				SUPPORTED_PLATFORMS = iphoneos;
				SWIFT_COMPILATION_MODE = wholemodule;
				SWIFT_OPTIMIZATION_LEVEL = "-O";
				TARGETED_DEVICE_FAMILY = "1,2";
				VALIDATE_PRODUCT = YES;
			};
			name = Release;
		};
		97C147061CF9000F007C117D /* Debug */ = {
			isa = XCBuildConfiguration;
			baseConfigurationReference = 9740EEB21CF90195004384FC /* Debug.xcconfig */;
			buildSettings = {
				ALLOW_TARGET_PLATFORM_SPECIALIZATION = YES;
				ALWAYS_EMBED_SWIFT_STANDARD_LIBRARIES = YES;
				ASSETCATALOG_COMPILER_APPICON_NAME = AppIcon;
				CLANG_ENABLE_MODULES = YES;
				CODE_SIGN_ENTITLEMENTS = Runner/Runner.entitlements;
				CODE_SIGN_IDENTITY = "Apple Development";
				"CODE_SIGN_IDENTITY[sdk=iphoneos*]" = "iPhone Developer";
				CODE_SIGN_STYLE = Automatic;
				CURRENT_PROJECT_VERSION = 1.0.1;
				DEVELOPMENT_TEAM = 8T287D8PYU;
				ENABLE_BITCODE = NO;
				"EXCLUDED_ARCHS[sdk=iphoneos*]" = armv7;
				"EXCLUDED_ARCHS[sdk=iphonesimulator*]" = arm64;
				EXTRA_FRONT_END_OPTIONS = "--no-sound-null-safety";
				INFOPLIST_FILE = Runner/Info.plist;
				INFOPLIST_KEY_WKRunsIndependentlyOfCompanionApp = YES;
				IPHONEOS_DEPLOYMENT_TARGET = 13.0;
				LD_RUNPATH_SEARCH_PATHS = (
					"$(inherited)",
					"@executable_path/Frameworks",
				);
				OTHER_LDFLAGS = (
					"$(inherited)",
					"-ObjC",
					"-l\"sqlite3\"",
					"-framework",
					"\"AVFoundation\"",
					"-framework",
					"\"AVKit\"",
					"-framework",
					"\"CryptoSwift\"",
					"-framework",
					"\"DKImagePickerController\"",
					"-framework",
					"\"DKPhotoGallery\"",
					"-framework",
					"\"FMDB\"",
					"-framework",
					"\"Foundation\"",
					"-framework",
					"\"ImageIO\"",
					"-framework",
					"\"Mantle\"",
					"-framework",
					"\"MediaPlayer\"",
					"-framework",
					"\"Photos\"",
					"-framework",
					"\"SDWebImage\"",
					"-framework",
					"\"SDWebImageWebPCoder\"",
					"-framework",
					"\"SwiftyGif\"",
					"-framework",
					"\"UIKit\"",
					"-framework",
					"\"audio_session\"",
					"-framework",
					"\"audioplayers_darwin\"",
					"-framework",
					"\"bctoolbox\"",
					"-framework",
					"\"bctoolbox-ios\"",
					"-framework",
					"\"bctoolbox-tester\"",
					"-framework",
					"\"belcard\"",
					"-framework",
					"\"belle-sip\"",
					"-framework",
					"\"belr\"",
					"-framework",
					"\"easy_pdf_viewer\"",
					"-framework",
					"\"file_picker\"",
					"-framework",
					"\"flutter_callkit_incoming\"",
					"-framework",
					"\"flutter_image_compress\"",
					"-framework",
					"\"flutter_ringtone_player\"",
					"-framework",
					"\"flutter_secure_storage\"",
					"-framework",
					"\"flutter_sound\"",
					"-framework",
					"\"flutter_sound_core\"",
					"-framework",
					"\"gallery_saver\"",
					"-framework",
					"\"image_picker_ios\"",
					"-framework",
					"\"just_audio\"",
					"-framework",
					"\"libwebp\"",
					"-framework",
					"\"lime\"",
					"-framework",
					"\"limetester\"",
					"-framework",
					"\"linphone\"",
					"-framework",
					"\"linphonesw\"",
					"-framework",
					"\"linphonetester\"",
					"-framework",
					"\"mediastreamer2\"",
					"-framework",
					"\"msamr\"",
					"-framework",
					"\"mscodec2\"",
					"-framework",
					"\"msopenh264\"",
					"-framework",
					"\"mssilk\"",
					"-framework",
					"\"mswebrtc\"",
					"-framework",
					"\"msx264\"",
					"-framework",
					"\"ortp\"",
					"-framework",
					"\"package_info_plus\"",
					"-framework",
					"\"path_provider_foundation\"",
					"-framework",
					"\"permission_handler_apple\"",
					"-framework",
					"\"record\"",
					"-framework",
					"\"sqflite\"",
					"-framework",
					"\"-lc++\"",
					"\"url_launcher_ios\"",
				);
				"OTHER_LDFLAGS[arch=*]" = (
					"$(inherited)",
					"-ObjC",
					"-l\"sqlite3\"",
					"-framework",
					"\"AVFoundation\"",
					"-framework",
					"\"AVKit\"",
					"-framework",
					"\"CryptoSwift\"",
					"-framework",
					"\"DKImagePickerController\"",
					"-framework",
					"\"DKPhotoGallery\"",
					"-framework",
					"\"FMDB\"",
					"-framework",
					"\"Foundation\"",
					"-framework",
					"\"ImageIO\"",
					"-framework",
					"\"Mantle\"",
					"-framework",
					"\"MediaPlayer\"",
					"-framework",
					"\"Photos\"",
					"-framework",
					"\"SDWebImage\"",
					"-framework",
					"\"SDWebImageWebPCoder\"",
					"-framework",
					"\"SwiftyGif\"",
					"-framework",
					"\"UIKit\"",
					"-framework",
					"\"audio_session\"",
					"-framework",
					"\"audioplayers_darwin\"",
					"-framework",
					"\"bctoolbox\"",
					"-framework",
					"\"bctoolbox-ios\"",
					"-framework",
					"\"bctoolbox-tester\"",
					"-framework",
					"\"belcard\"",
					"-framework",
					"\"belle-sip\"",
					"-framework",
					"\"belr\"",
					"-framework",
					"\"easy_pdf_viewer\"",
					"-framework",
					"\"file_picker\"",
					"-framework",
					"\"flutter_callkit_incoming\"",
					"-framework",
					"\"flutter_image_compress\"",
					"-framework",
					"\"flutter_ringtone_player\"",
					"-framework",
					"\"flutter_secure_storage\"",
					"-framework",
					"\"flutter_sound\"",
					"-framework",
					"\"flutter_sound_core\"",
					"-framework",
					"\"gallery_saver\"",
					"-framework",
					"\"image_picker_ios\"",
					"-framework",
					"\"just_audio\"",
					"-framework",
					"\"libwebp\"",
					"-framework",
					"\"lime\"",
					"-framework",
					"\"limetester\"",
					"-framework",
					"\"linphone\"",
					"-framework",
					"\"linphonesw\"",
					"-framework",
					"\"linphonetester\"",
					"-framework",
					"\"mediastreamer2\"",
					"-framework",
					"\"msamr\"",
					"-framework",
					"\"mscodec2\"",
					"-framework",
					"\"msopenh264\"",
					"-framework",
					"\"mssilk\"",
					"-framework",
					"\"mswebrtc\"",
					"-framework",
					"\"msx264\"",
					"-framework",
					"\"ortp\"",
					"-framework",
					"\"package_info_plus\"",
					"-framework",
					"\"path_provider_foundation\"",
					"-framework",
					"\"permission_handler_apple\"",
					"-framework",
					"\"record\"",
					"-framework",
					"\"sqflite\"",
					"-framework",
					"\"-lc++\"",
					"\"url_launcher_ios\"",
				);
				PRODUCT_BUNDLE_IDENTIFIER = com.application.mcfef.chat;
				PRODUCT_NAME = "$(TARGET_NAME)";
				PROVISIONING_PROFILE_SPECIFIER = "";
				SUPPORTED_PLATFORMS = "iphoneos iphonesimulator";
				SUPPORTS_MACCATALYST = NO;
				SUPPORTS_MAC_DESIGNED_FOR_IPHONE_IPAD = NO;
				SWIFT_OBJC_BRIDGING_HEADER = "Runner/Runner-Bridging-Header.h";
				SWIFT_OPTIMIZATION_LEVEL = "-Onone";
				SWIFT_VERSION = 5.0;
				TARGETED_DEVICE_FAMILY = "1,2";
				VERSIONING_SYSTEM = "apple-generic";
			};
			name = Debug;
		};
		97C147071CF9000F007C117D /* Release */ = {
			isa = XCBuildConfiguration;
			baseConfigurationReference = 7AFA3C8E1D35360C0083082E /* Release.xcconfig */;
			buildSettings = {
				ALLOW_TARGET_PLATFORM_SPECIALIZATION = YES;
				ALWAYS_EMBED_SWIFT_STANDARD_LIBRARIES = YES;
				ASSETCATALOG_COMPILER_APPICON_NAME = AppIcon;
				CLANG_ENABLE_MODULES = YES;
				CODE_SIGN_ENTITLEMENTS = Runner/Runner.entitlements;
				CODE_SIGN_IDENTITY = "Apple Development";
				"CODE_SIGN_IDENTITY[sdk=iphoneos*]" = "iPhone Developer";
				CODE_SIGN_STYLE = Automatic;
				CURRENT_PROJECT_VERSION = 1.0.1;
				DEVELOPMENT_TEAM = 8T287D8PYU;
				ENABLE_BITCODE = NO;
				"EXCLUDED_ARCHS[sdk=iphoneos*]" = armv7;
				"EXCLUDED_ARCHS[sdk=iphonesimulator*]" = arm64;
				EXTRA_FRONT_END_OPTIONS = "--no-sound-null-safety";
				INFOPLIST_FILE = Runner/Info.plist;
				INFOPLIST_KEY_WKRunsIndependentlyOfCompanionApp = YES;
				IPHONEOS_DEPLOYMENT_TARGET = 13.0;
				LD_RUNPATH_SEARCH_PATHS = (
					"$(inherited)",
					"@executable_path/Frameworks",
				);
				"OTHER_LDFLAGS[arch=*]" = (
					"$(inherited)",
					"-ObjC",
					"-l\"sqlite3\"",
					"-framework",
					"\"AVFoundation\"",
					"-framework",
					"\"AVKit\"",
					"-framework",
					"\"CryptoSwift\"",
					"-framework",
					"\"DKImagePickerController\"",
					"-framework",
					"\"DKPhotoGallery\"",
					"-framework",
					"\"FMDB\"",
					"-framework",
					"\"Foundation\"",
					"-framework",
					"\"ImageIO\"",
					"-framework",
					"\"Mantle\"",
					"-framework",
					"\"MediaPlayer\"",
					"-framework",
					"\"Photos\"",
					"-framework",
					"\"SDWebImage\"",
					"-framework",
					"\"SDWebImageWebPCoder\"",
					"-framework",
					"\"SwiftyGif\"",
					"-framework",
					"\"UIKit\"",
					"-framework",
					"\"audio_session\"",
					"-framework",
					"\"audioplayers_darwin\"",
					"-framework",
					"\"bctoolbox\"",
					"-framework",
					"\"bctoolbox-ios\"",
					"-framework",
					"\"bctoolbox-tester\"",
					"-framework",
					"\"belcard\"",
					"-framework",
					"\"belle-sip\"",
					"-framework",
					"\"belr\"",
					"-framework",
					"\"easy_pdf_viewer\"",
					"-framework",
					"\"file_picker\"",
					"-framework",
					"\"flutter_callkit_incoming\"",
					"-framework",
					"\"flutter_image_compress\"",
					"-framework",
					"\"flutter_ringtone_player\"",
					"-framework",
					"\"flutter_secure_storage\"",
					"-framework",
					"\"flutter_sound\"",
					"-framework",
					"\"flutter_sound_core\"",
					"-framework",
					"\"gallery_saver\"",
					"-framework",
					"\"image_picker_ios\"",
					"-framework",
					"\"just_audio\"",
					"-framework",
					"\"libwebp\"",
					"-framework",
					"\"lime\"",
					"-framework",
					"\"limetester\"",
					"-framework",
					"\"linphone\"",
					"-framework",
					"\"linphonesw\"",
					"-framework",
					"\"linphonetester\"",
					"-framework",
					"\"mediastreamer2\"",
					"-framework",
					"\"msamr\"",
					"-framework",
					"\"mscodec2\"",
					"-framework",
					"\"msopenh264\"",
					"-framework",
					"\"mssilk\"",
					"-framework",
					"\"mswebrtc\"",
					"-framework",
					"\"msx264\"",
					"-framework",
					"\"ortp\"",
					"-framework",
					"\"package_info_plus\"",
					"-framework",
					"\"path_provider_foundation\"",
					"-framework",
					"\"permission_handler_apple\"",
					"-framework",
					"\"record\"",
					"-framework",
					"\"sqflite\"",
					"-framework",
					"\"url_launcher_ios\"",
					"\"-lc++\"",
				);
				PRODUCT_BUNDLE_IDENTIFIER = com.application.mcfef.chat;
				PRODUCT_NAME = "$(TARGET_NAME)";
				PROVISIONING_PROFILE_SPECIFIER = "";
				SUPPORTED_PLATFORMS = "iphoneos iphonesimulator";
				SUPPORTS_MACCATALYST = NO;
				SUPPORTS_MAC_DESIGNED_FOR_IPHONE_IPAD = NO;
				SWIFT_OBJC_BRIDGING_HEADER = "Runner/Runner-Bridging-Header.h";
				SWIFT_VERSION = 5.0;
				TARGETED_DEVICE_FAMILY = "1,2";
				VERSIONING_SYSTEM = "apple-generic";
			};
			name = Release;
		};
/* End XCBuildConfiguration section */

/* Begin XCConfigurationList section */
		7120EC9D2A77562C00333457 /* Build configuration list for PBXNativeTarget "NotificationServiceAppExtention" */ = {
			isa = XCConfigurationList;
			buildConfigurations = (
				7120EC9E2A77562C00333457 /* Debug */,
				7120EC9F2A77562C00333457 /* Release */,
				7120ECA02A77562C00333457 /* Profile */,
			);
			defaultConfigurationIsVisible = 0;
			defaultConfigurationName = Release;
		};
		97C146E91CF9000F007C117D /* Build configuration list for PBXProject "Runner" */ = {
			isa = XCConfigurationList;
			buildConfigurations = (
				97C147031CF9000F007C117D /* Debug */,
				97C147041CF9000F007C117D /* Release */,
				249021D3217E4FDB00AE95B9 /* Profile */,
			);
			defaultConfigurationIsVisible = 0;
			defaultConfigurationName = Release;
		};
		97C147051CF9000F007C117D /* Build configuration list for PBXNativeTarget "Runner" */ = {
			isa = XCConfigurationList;
			buildConfigurations = (
				97C147061CF9000F007C117D /* Debug */,
				97C147071CF9000F007C117D /* Release */,
				249021D4217E4FDB00AE95B9 /* Profile */,
			);
			defaultConfigurationIsVisible = 0;
			defaultConfigurationName = Release;
		};
/* End XCConfigurationList section */
	};
	rootObject = 97C146E61CF9000F007C117D /* Project object */;
}
